<?xml version="1.0" encoding="utf-8"?>
<Project ToolsVersion="4.0" xmlns="http://schemas.microsoft.com/developer/msbuild/2003">
  <ItemGroup>
    <Filter Include="src">
      <UniqueIdentifier>{90ce14ab-5e4c-4217-8683-a3555067ac06}</UniqueIdentifier>
    </Filter>
    <Filter Include="res">
      <UniqueIdentifier>{0e95fc78-360b-4a59-89bf-090d9f6fe63f}</UniqueIdentifier>
    </Filter>
    <Filter Include="src\entities">
      <UniqueIdentifier>{9fe76653-68de-4bec-bdef-cfc6c3830543}</UniqueIdentifier>
    </Filter>
  </ItemGroup>
  <ItemGroup>
    <ClCompile Include="src\main.cpp">
      <Filter>src</Filter>
    </ClCompile>
    <ClCompile Include="src\game_run.cpp">
      <Filter>src</Filter>
    </ClCompile>
    <ClCompile Include="src\entities\player.cpp">
      <Filter>src\entities</Filter>
    </ClCompile>
  </ItemGroup>
  <ItemGroup>
    <ClInclude Include="src\game_run.h">
      <Filter>src</Filter>
    </ClInclude>
    <ClInclude Include="src\entities\player.h">
      <Filter>src\entities</Filter>
    </ClInclude>
    <ClInclude Include="src\utilities.h">
      <Filter>src</Filter>
    </ClInclude>
  </ItemGroup>
</Project>